schema: '2.0'
stages:
  download:
    cmd: python -m src.download_datasets.download_datasets_all
    deps:
    - path: params.yaml
      hash: md5
      md5: 10c21fe970a8e459e5689c7c01bca5d3
      size: 4766
      isexec: true
    - path: src/download_datasets/download_datasets_all.py
      hash: md5
      md5: 3afebf50bd8efcfe30d96fd4d3662e20
      size: 1985
      isexec: true
    params:
      params.yaml:
        datasets_download:
        - infiniteBench
    outs:
    - path: data/downloads/
      hash: md5
      md5: 724133a9f83eb77534a2eb43231a19da.dir
      size: 1772950009
      nfiles: 8878
  preprocess_datasets:
    cmd: python -m src.preprocess_datasets.preprocess_datasets_all
    deps:
    - path: data/downloads/
      hash: md5
      md5: 724133a9f83eb77534a2eb43231a19da.dir
      size: 1772950009
      nfiles: 8878
    - path: params.yaml
      hash: md5
      md5: 10c21fe970a8e459e5689c7c01bca5d3
      size: 4766
      isexec: true
    - path: src/preprocess_datasets/preprocess_datasets_all.py
      hash: md5
      md5: 3d152c2ba8f517026f1afc123096dde6
      size: 2351
    params:
      params.yaml:
        preprocess_datasets:
          tokenizer:
            backend: tiktoken
            model_name: gpt-4
          datasets:
            infiniteBenchChoice:
              presets_file: configs/preprocess_dataset/infiniteBenchChoice.yaml
              use_presets:
              - default
    outs:
    - path: data/datasets/
      hash: md5
      md5: 0a0253fb6398151e145faf01f4e556fb.dir
      size: 574660682
      nfiles: 2396
  chunking_text:
    cmd: python -m src.chunking.chunking_text_all
    deps:
    - path: data/datasets/
      hash: md5
      md5: 0a0253fb6398151e145faf01f4e556fb.dir
      size: 574660682
      nfiles: 2396
    - path: params.yaml
      hash: md5
      md5: 10c21fe970a8e459e5689c7c01bca5d3
      size: 4766
      isexec: true
    - path: src/chunking/chunking_text_all.py
      hash: md5
      md5: ab7f3884aaa12a56760494e452b278b4
      size: 7301
    params:
      params.yaml:
        chunking.methods:
          lumber:
            presets_file: configs/chunking/lumber.yaml
            use_presets:
            - default
        preprocess_datasets.datasets:
          infiniteBenchChoice:
            presets_file: configs/preprocess_dataset/infiniteBenchChoice.yaml
            use_presets:
            - default
    outs:
    - path: data/chunks/
      hash: md5
      md5: 9aacd6b13d48b5ab843efc5682595f5c.dir
      size: 3313611499
      nfiles: 4009
  embed_chunks:
    cmd: python -m src.embed_chunks.embed_chunks_all
    deps:
    - path: data/chunks/
      hash: md5
      md5: bc863328f61dde51d5311392cd3f7172.dir
      size: 3311817578
      nfiles: 4005
    - path: params.yaml
      hash: md5
      md5: d7aad75890a1c2c13c2c994d08813392
      size: 4753
      isexec: true
    - path: src/embed_chunks/embed_chunks_all.py
      hash: md5
      md5: 33e4dffd516cabb958f5c176c395a3a1
      size: 3305
    params:
      params.yaml:
        chunking.methods:
          fixed_size:
            presets_file: configs/chunking/fixed_size.yaml
            use_presets:
            - norm_token
          recursive:
            presets_file: configs/chunking/recursive.yaml
            use_presets:
            - norm
        preprocess_datasets.datasets:
          infiniteBenchChoice:
            presets_file: configs/preprocess_dataset/infiniteBenchChoice.yaml
            use_presets:
            - default
        vector_embed.methods:
          FAISS:
            presets_file: configs/vector_embed/faiss.yaml
            use_presets:
            - default_global
            - default_local
    outs:
    - path: data/vector_db/
      hash: md5
      md5: 66fb9f8e3867db337f8562c0cebecf72.dir
      size: 3786336142
      nfiles: 2392
  search:
    cmd: python -m src.search.search_all
    deps:
    - path: data/vector_db/
      hash: md5
      md5: 66fb9f8e3867db337f8562c0cebecf72.dir
      size: 3786336142
      nfiles: 2392
    - path: params.yaml
      hash: md5
      md5: d7aad75890a1c2c13c2c994d08813392
      size: 4753
      isexec: true
    - path: src/search/search_all.py
      hash: md5
      md5: f0f081e86cfedabe2cd9579a4f7d9999
      size: 4434
      isexec: true
    params:
      params.yaml:
        chunking.methods:
          fixed_size:
            presets_file: configs/chunking/fixed_size.yaml
            use_presets:
            - norm_token
          recursive:
            presets_file: configs/chunking/recursive.yaml
            use_presets:
            - norm
        preprocess_datasets.datasets:
          infiniteBenchChoice:
            presets_file: configs/preprocess_dataset/infiniteBenchChoice.yaml
            use_presets:
            - default
        search.methods:
          faiss:
            presets_file: configs/search/faiss.yaml
            use_presets:
            - default_top20
        vector_embed.methods:
          FAISS:
            presets_file: configs/vector_embed/faiss.yaml
            use_presets:
            - default_global
            - default_local
    outs:
    - path: data/search_result/
      hash: md5
      md5: 0ea246f8e77238b97c57841551ceb60b.dir
      size: 31942339
      nfiles: 809
  rerank:
    cmd: python -m src.rerank.rerank_all
    deps:
    - path: data/search_result/
      hash: md5
      md5: 0ea246f8e77238b97c57841551ceb60b.dir
      size: 31942339
      nfiles: 809
    - path: params.yaml
      hash: md5
      md5: d7aad75890a1c2c13c2c994d08813392
      size: 4753
      isexec: true
    - path: src/rerank/rerank_all.py
      hash: md5
      md5: 91a7850d5ebb695b159c4c7fba8e81b6
      size: 5530
    params:
      params.yaml:
        chunking.methods:
          fixed_size:
            presets_file: configs/chunking/fixed_size.yaml
            use_presets:
            - norm_token
          recursive:
            presets_file: configs/chunking/recursive.yaml
            use_presets:
            - norm
        preprocess_datasets.datasets:
          infiniteBenchChoice:
            presets_file: configs/preprocess_dataset/infiniteBenchChoice.yaml
            use_presets:
            - default
        rerank.methods:
          reranker:
            presets_file: configs/rerank/reranker.yaml
            use_presets:
            - default_top5
        search.methods:
          faiss:
            presets_file: configs/search/faiss.yaml
            use_presets:
            - default_top20
        vector_embed.methods:
          FAISS:
            presets_file: configs/vector_embed/faiss.yaml
            use_presets:
            - default_global
            - default_local
    outs:
    - path: data/rerank_result/
      hash: md5
      md5: 8c99566ed168202bbd0cc739880244ce.dir
      size: 5346733
      nfiles: 304
  generation:
    cmd: python -m src.generation.generation_all
    deps:
    - path: data/rerank_result/
      hash: md5
      md5: 141febbce1e160af1c84a1bdcb06c475.dir
      size: 5332710
      nfiles: 280
    - path: params.yaml
      hash: md5
      md5: 071e21a9e72b15e052b1d44b7cce4294
      size: 3550
      isexec: true
    - path: src/generation/generation_all.py
      hash: md5
      md5: 95cc2cb4cc6d6deaccaad6bc0e2cdf6a
      size: 5643
    params:
      params.yaml:
        chunking.methods:
          fixed_size:
            presets_file: configs/chunking/fixed_size.yaml
            use_presets:
            - fs_512_64_char
            - fs_512_64_token
          recursive:
            presets_file: configs/chunking/recursive.yaml
            use_presets:
            - r_512_64
          recursive_semantic:
            presets_file: configs/chunking/recursive_semantic.yaml
            use_presets:
            - paper_based
          neural:
            presets_file: configs/chunking/neural.yaml
            use_presets:
            - default
          chonkie_semantic:
            presets_file: configs/chunking/chonkie_semantic.yaml
            use_presets:
            - default
          lumber:
            presets_file: configs/chunking/lumber.yaml
            use_presets:
            - default
          max_min:
            presets_file: configs/chunking/max_min.yaml
            use_presets:
            - liberal
          sequential_hac:
            presets_file: configs/chunking/sequential_hac.yaml
            use_presets:
            - liberal
        generation.methods:
          generate_fixed_token:
            presets_file: configs/generation/generate_fixed_token.yaml
            use_presets:
            - qwen_4b
        preprocess_datasets.datasets:
          literaryQA:
            presets_file: configs/preprocess_dataset/literaryQA.yaml
            use_presets:
            - default
          novelQA:
            presets_file: configs/preprocess_dataset/novelQA.yaml
            use_presets:
            - default
          infiniteBenchQA:
            presets_file: configs/preprocess_dataset/infiniteBenchQA.yaml
            use_presets:
            - default
          infiniteBenchChoice:
            presets_file: configs/preprocess_dataset/infiniteBenchChoice.yaml
            use_presets:
            - default
        rerank.methods:
          reranker:
            presets_file: configs/rerank/reranker.yaml
            use_presets:
            - default_top5
        search.methods:
          faiss:
            presets_file: configs/search/faiss.yaml
            use_presets:
            - default_top20
        vector_embed.methods:
          FAISS:
            presets_file: configs/vector_embed/faiss.yaml
            use_presets:
            - default_global
            - default_local
    outs:
    - path: data/generation_result/
      hash: md5
      md5: 12bd22c64b6a3b6b9e84d1c093cb9f7b.dir
      size: 11673235
      nfiles: 160
  evaluate_generator:
    cmd: python -m src.evaluate_generator.evaluate_generator_all
    deps:
    - path: data/generation_result/
      hash: md5
      md5: 12bd22c64b6a3b6b9e84d1c093cb9f7b.dir
      size: 11673235
      nfiles: 160
    - path: params.yaml
      hash: md5
      md5: 071e21a9e72b15e052b1d44b7cce4294
      size: 3550
      isexec: true
    - path: src/evaluate_generator/evaluate_generator_all.py
      hash: md5
      md5: 99ed5248133361c8b225ef81524ec8b5
      size: 5857
    params:
      params.yaml:
        chunking.methods:
          fixed_size:
            presets_file: configs/chunking/fixed_size.yaml
            use_presets:
            - fs_512_64_char
            - fs_512_64_token
          recursive:
            presets_file: configs/chunking/recursive.yaml
            use_presets:
            - r_512_64
          recursive_semantic:
            presets_file: configs/chunking/recursive_semantic.yaml
            use_presets:
            - paper_based
          neural:
            presets_file: configs/chunking/neural.yaml
            use_presets:
            - default
          chonkie_semantic:
            presets_file: configs/chunking/chonkie_semantic.yaml
            use_presets:
            - default
          lumber:
            presets_file: configs/chunking/lumber.yaml
            use_presets:
            - default
          max_min:
            presets_file: configs/chunking/max_min.yaml
            use_presets:
            - liberal
          sequential_hac:
            presets_file: configs/chunking/sequential_hac.yaml
            use_presets:
            - liberal
        evaluate_generator.methods:
          llm_as_a_judge:
            presets_file: configs/evaluate_generator/llm_as_a_judge.yaml
            use_presets:
            - qwen_4b
        generation.methods:
          generate_fixed_token:
            presets_file: configs/generation/generate_fixed_token.yaml
            use_presets:
            - qwen_4b
        preprocess_datasets.datasets:
          literaryQA:
            presets_file: configs/preprocess_dataset/literaryQA.yaml
            use_presets:
            - default
          novelQA:
            presets_file: configs/preprocess_dataset/novelQA.yaml
            use_presets:
            - default
          infiniteBenchQA:
            presets_file: configs/preprocess_dataset/infiniteBenchQA.yaml
            use_presets:
            - default
          infiniteBenchChoice:
            presets_file: configs/preprocess_dataset/infiniteBenchChoice.yaml
            use_presets:
            - default
        rerank.methods:
          reranker:
            presets_file: configs/rerank/reranker.yaml
            use_presets:
            - default_top5
        search.methods:
          faiss:
            presets_file: configs/search/faiss.yaml
            use_presets:
            - default_top20
        vector_embed.methods:
          FAISS:
            presets_file: configs/vector_embed/faiss.yaml
            use_presets:
            - default_global
            - default_local
    outs:
    - path: data/evaluate_generator_result/
      hash: md5
      md5: 15c1be4eae43ecdbd358f88296ae2676.dir
      size: 2575470
      nfiles: 120
  analyze_split_point:
    cmd: python -m src.analyze_split_point.analyze_split_point_all
    deps:
    - path: data/chunks/
      hash: md5
      md5: a655036151f56db2639c6982a96cef3b.dir
      size: 3252752247
      nfiles: 3959
    - path: params.yaml
      hash: md5
      md5: 121b8272a528d0bc712a02032a296fcd
      size: 3593
      isexec: true
    - path: src/analyze_split_point/analyze_split_point_all.py
      hash: md5
      md5: 7a1d13984c4b9b2f99b4553782b766dc
      size: 4077
    params:
      params.yaml:
        analyze_split_points.methods:
          analyze_split_point:
            presets_file: configs/analyze_split_point/analyze_split_point.yaml
            use_presets:
            - sentence
            - html_tag
        chunking.methods:
          fixed_size:
            presets_file: configs/chunking/fixed_size.yaml
            use_presets:
            - norm_token
          recursive:
            presets_file: configs/chunking/recursive.yaml
            use_presets:
            - norm
        preprocess_datasets.datasets:
          literaryQA:
            presets_file: configs/preprocess_dataset/literaryQA.yaml
            use_presets:
            - default
    outs:
    - path: data/analyze_split_points/
      hash: md5
      md5: 799ec794c8ee34059550881f139bb721.dir
      size: 145465439
      nfiles: 44
  analyze_retrieval:
    cmd: python -m src.analyze_retrieval.analyze_retrieval_all
    deps:
    - path: data/rerank_result/
      hash: md5
      md5: 8c99566ed168202bbd0cc739880244ce.dir
      size: 5346733
      nfiles: 304
    - path: params.yaml
      hash: md5
      md5: d7aad75890a1c2c13c2c994d08813392
      size: 4753
      isexec: true
    - path: src/analyze_retrieval/analyze_retrieval_all.py
      hash: md5
      md5: 6741468111f92a32cb8a6049833cf549
      size: 6116
    params:
      params.yaml:
        analyze_retrieval.methods:
          analyze_retrieval:
            presets_file: configs/analyze_retrieval/analyze_retrieval.yaml
            use_presets:
            - default
        chunking.methods:
          fixed_size:
            presets_file: configs/chunking/fixed_size.yaml
            use_presets:
            - norm_token
          recursive:
            presets_file: configs/chunking/recursive.yaml
            use_presets:
            - norm
        preprocess_datasets.datasets:
          infiniteBenchChoice:
            presets_file: configs/preprocess_dataset/infiniteBenchChoice.yaml
            use_presets:
            - default
        rerank.methods:
          reranker:
            presets_file: configs/rerank/reranker.yaml
            use_presets:
            - default_top5
        search.methods:
          faiss:
            presets_file: configs/search/faiss.yaml
            use_presets:
            - default_top20
        vector_embed.methods:
          FAISS:
            presets_file: configs/vector_embed/faiss.yaml
            use_presets:
            - default_global
            - default_local
    outs:
    - path: data/analyze_retrieval/
      hash: md5
      md5: 06d8261045594e3d57373947e38dad5a.dir
      size: 12854
      nfiles: 80
  analyze_embeddings:
    cmd: python -m src.analyze_embeddings.analyze_embeddings_all
    deps:
    - path: data/datasets/
      hash: md5
      md5: 0a0253fb6398151e145faf01f4e556fb.dir
      size: 574660682
      nfiles: 2396
    - path: data/vector_db/
      hash: md5
      md5: d857c53bceea4b182fd4de84dd48dfa9.dir
      size: 3779880194
      nfiles: 2376
    - path: params.yaml
      hash: md5
      md5: d6ba2e9e0775f02038ffa675b26ff92a
      size: 4726
      isexec: true
    - path: src/analyze_embeddings/analyze_embeddings_all.py
      hash: md5
      md5: ed8355acc7a175e4ba3cc2201a75fae9
      size: 7449
    params:
      params.yaml:
        analyze_embeddings.methods:
          analyze_years:
            presets_file: configs/analyze_embeddings/analyze_years.yaml
            use_presets:
            - year_normalized_50
          analyze_genres:
            presets_file: configs/analyze_embeddings/analyze_genres.yaml
            use_presets:
            - genre_normalized_50
          analyze_periods:
            presets_file: configs/analyze_embeddings/analyze_periods.yaml
            use_presets:
            - period_normalized_50
          analyze_titles:
            presets_file: configs/analyze_embeddings/analyze_titles.yaml
            use_presets:
            - title_normalized_50
          analyz_datasets:
            presets_file: configs/analyze_embeddings/analyze_datasets.yaml
            use_presets:
            - dataset_normalized_50
        chunking.methods:
          fixed_size:
            presets_file: configs/chunking/fixed_size.yaml
            use_presets:
            - norm_token
          recursive:
            presets_file: configs/chunking/recursive.yaml
            use_presets:
            - norm
        preprocess_datasets.datasets:
          literaryQA:
            presets_file: configs/preprocess_dataset/literaryQA.yaml
            use_presets:
            - default
          novelQA:
            presets_file: configs/preprocess_dataset/novelQA.yaml
            use_presets:
            - default
          infiniteBenchQA:
            presets_file: configs/preprocess_dataset/infiniteBenchQA.yaml
            use_presets:
            - default
          infiniteBenchChoice:
            presets_file: configs/preprocess_dataset/infiniteBenchChoice.yaml
            use_presets:
            - default
        vector_embed.methods:
          FAISS:
            presets_file: configs/vector_embed/faiss.yaml
            use_presets:
            - default_global
            - default_local
    outs:
    - path: data/analyze_embeddings/
      hash: md5
      md5: e62d40967bf5ae33f9372937006da9df.dir
      size: 70960296
      nfiles: 107
