schema: '2.0'
stages:
  download:
    cmd: python -m src.download_datasets.download_datasets_all
    deps:
    - path: params.yaml
      hash: md5
      md5: 362f2242a4a846b4adaf8e1283d70c38
      size: 2522
      isexec: true
    - path: src/download_datasets/download_datasets_all.py
      hash: md5
      md5: b983d2dce70583d30a14903014d3bd5e
      size: 1839
      isexec: true
    params:
      params.yaml:
        datasets_download:
        - literaryQA
    outs:
    - path: data/downloads/
      hash: md5
      md5: 9ff7bdcc22ea8db485d2ad2045226936.dir
      size: 1635703929
      nfiles: 8218
  preprocess_datasets:
    cmd: python -m src.preprocess_datasets.preprocess_datasets_all
    deps:
    - path: data/downloads/
      hash: md5
      md5: 9ff7bdcc22ea8db485d2ad2045226936.dir
      size: 1635703929
      nfiles: 8218
    - path: params.yaml
      hash: md5
      md5: 362f2242a4a846b4adaf8e1283d70c38
      size: 2522
      isexec: true
    - path: src/preprocess_datasets/preprocess_datasets_all.py
      hash: md5
      md5: f68861d67a7827037f2221eaf3face34
      size: 2293
      isexec: true
    params:
      params.yaml:
        preprocess_datasets:
          tokenizer:
            backend: tiktoken
            model_name: gpt-4
          datasets:
            literaryQA:
              presets_file: configs/preprocess_dataset/literaryQA.yaml
              use_presets:
              - default
    outs:
    - path: data/datasets/
      hash: md5
      md5: c106e6e22d7d7dbbf6e35cc958cf5c77.dir
      size: 488526545
      nfiles: 1742
  chunking_text:
    cmd: python -m src.chunking.chunking_text_all
    deps:
    - path: data/datasets/
      hash: md5
      md5: c106e6e22d7d7dbbf6e35cc958cf5c77.dir
      size: 488526545
      nfiles: 1742
    - path: params.yaml
      hash: md5
      md5: 362f2242a4a846b4adaf8e1283d70c38
      size: 2522
      isexec: true
    - path: src/chunking/chunking_text_all.py
      hash: md5
      md5: 0af49032b67ca7e1e30e64c8a5d2af28
      size: 2608
      isexec: true
    params:
      params.yaml:
        chunking.methods:
          fixed_size:
            presets_file: configs/chunking/fixed_size.yaml
            use_presets:
            - fs_512_64_char
        preprocess_datasets.datasets:
          literaryQA:
            presets_file: configs/preprocess_dataset/literaryQA.yaml
            use_presets:
            - default
    outs:
    - path: data/chunks/
      hash: md5
      md5: 592360162f1f32964ee5ad8794aa6e62.dir
      size: 1750485
      nfiles: 4
  embed_chunks:
    cmd: python -m src.embed_chunks.embed_chunks_all
    deps:
    - path: data/chunks/
      hash: md5
      md5: 592360162f1f32964ee5ad8794aa6e62.dir
      size: 1750485
      nfiles: 4
    - path: params.yaml
      hash: md5
      md5: 362f2242a4a846b4adaf8e1283d70c38
      size: 2522
      isexec: true
    - path: src/embed_chunks/embed_chunks_all.py
      hash: md5
      md5: 95d163c6ef1f79526284974fed160626
      size: 3226
      isexec: true
    params:
      params.yaml:
        chunking.methods:
          fixed_size:
            presets_file: configs/chunking/fixed_size.yaml
            use_presets:
            - fs_512_64_char
        preprocess_datasets.datasets:
          literaryQA:
            presets_file: configs/preprocess_dataset/literaryQA.yaml
            use_presets:
            - default
        vector_embed.methods:
          FAISS:
            presets_file: configs/vector_embed/faiss.yaml
            use_presets:
            - default_global
            - default_local
    outs:
    - path: data/vector_db/
      hash: md5
      md5: 1a83574b5653ccbce3ac562f8fab2b56.dir
      size: 15319388
      nfiles: 14
  search:
    cmd: python -m src.search.search_all
    deps:
    - path: data/vector_db/
      hash: md5
      md5: 1a83574b5653ccbce3ac562f8fab2b56.dir
      size: 15319388
      nfiles: 14
    - path: params.yaml
      hash: md5
      md5: 362f2242a4a846b4adaf8e1283d70c38
      size: 2522
      isexec: true
    - path: src/search/search_all.py
      hash: md5
      md5: 071f8b0b0ff92c280beac4ef9fef9c96
      size: 4291
      isexec: true
    params:
      params.yaml:
        chunking.methods:
          fixed_size:
            presets_file: configs/chunking/fixed_size.yaml
            use_presets:
            - fs_512_64_char
        preprocess_datasets.datasets:
          literaryQA:
            presets_file: configs/preprocess_dataset/literaryQA.yaml
            use_presets:
            - default
        search.methods:
          faiss:
            presets_file: configs/search/faiss.yaml
            use_presets:
            - default_top5
        vector_embed.methods:
          FAISS:
            presets_file: configs/vector_embed/faiss.yaml
            use_presets:
            - default_global
            - default_local
    outs:
    - path: data/search_result/
      hash: md5
      md5: e8c06eb4724878fa666113ad96fd13b5.dir
      size: 58016
      nfiles: 6
  rerank:
    cmd: python -m src.rerank.rerank_all
    deps:
    - path: data/search_result/
      hash: md5
      md5: e8c06eb4724878fa666113ad96fd13b5.dir
      size: 58016
      nfiles: 6
    - path: params.yaml
      hash: md5
      md5: 362f2242a4a846b4adaf8e1283d70c38
      size: 2522
      isexec: true
    - path: src/rerank/rerank_all.py
      hash: md5
      md5: ec4d0f82a28879daa4cc59be6011b0ad
      size: 5627
    params:
      params.yaml:
        chunking.methods:
          fixed_size:
            presets_file: configs/chunking/fixed_size.yaml
            use_presets:
            - fs_512_64_char
        preprocess_datasets.datasets:
          literaryQA:
            presets_file: configs/preprocess_dataset/literaryQA.yaml
            use_presets:
            - default
        rerank.methods:
          nothing:
            presets_file: configs/rerank/nothing.yaml
            use_presets:
            - default_top3
        search.methods:
          faiss:
            presets_file: configs/search/faiss.yaml
            use_presets:
            - default_top5
        vector_embed.methods:
          FAISS:
            presets_file: configs/vector_embed/faiss.yaml
            use_presets:
            - default_global
            - default_local
    outs:
    - path: data/rerank_result/
      hash: md5
      md5: d62bdf01ece069172e4c8f1b6b8f2cf2.dir
      size: 7898
      nfiles: 4
