schema: '2.0'
stages:
  download:
    cmd: python -m src.download_datasets.download_datasets_all
    deps:
    - path: params.yaml
      hash: md5
      md5: fed1aebf8c89c2c083838005356ed281
      size: 3203
      isexec: true
    - path: src/download_datasets/download_datasets_all.py
      hash: md5
      md5: 29354d39e1d41be0e397e24c2da5dcf0
      size: 1841
      isexec: true
    params:
      params.yaml:
        datasets_download:
        - literaryQA
    outs:
    - path: data/downloads/
      hash: md5
      md5: 4f1888690dcb8869d9709caa8b27d269.dir
      size: 1772284600
      nfiles: 8873
  preprocess_datasets:
    cmd: python -m src.preprocess_datasets.preprocess_datasets_all
    deps:
    - path: data/downloads/
      hash: md5
      md5: 4f1888690dcb8869d9709caa8b27d269.dir
      size: 1772284600
      nfiles: 8873
    - path: params.yaml
      hash: md5
      md5: fed1aebf8c89c2c083838005356ed281
      size: 3203
      isexec: true
    - path: src/preprocess_datasets/preprocess_datasets_all.py
      hash: md5
      md5: fd542dc90fb8248616a40b8ee5327523
      size: 2231
    params:
      params.yaml:
        preprocess_datasets:
          tokenizer:
            backend: tiktoken
            model_name: gpt-4
          datasets:
            literaryQA:
              presets_file: configs/preprocess_dataset/literaryQA.yaml
              use_presets:
              - default
    outs:
    - path: data/datasets/
      hash: md5
      md5: 65ef4afb301a2eb0190464c17e3f50c9.dir
      size: 574612110
      nfiles: 2396
  chunking_text:
    cmd: python -m src.chunking.chunking_text_all
    deps:
    - path: data/datasets/
      hash: md5
      md5: 65ef4afb301a2eb0190464c17e3f50c9.dir
      size: 574612110
      nfiles: 2396
    - path: params.yaml
      hash: md5
      md5: fed1aebf8c89c2c083838005356ed281
      size: 3203
      isexec: true
    - path: src/chunking/chunking_text_all.py
      hash: md5
      md5: a51cc71da75edc0dd75aabc71fe45e68
      size: 2603
    params:
      params.yaml:
        chunking.methods:
          fixed_size:
            presets_file: configs/chunking/fixed_size.yaml
            use_presets:
            - fs_512_64_char
            - fs_512_64_token
          recursive_semantic:
            presets_file: configs/chunking/recursive_semantic.yaml
            use_presets:
            - paper_based
          max_min:
            presets_file: configs/chunking/max_min.yaml
            use_presets:
            - liberal
          sequential_hac:
            presets_file: configs/chunking/sequential_hac.yaml
            use_presets:
            - liberal
        preprocess_datasets.datasets:
          literaryQA:
            presets_file: configs/preprocess_dataset/literaryQA.yaml
            use_presets:
            - default
    outs:
    - path: data/chunks/
      hash: md5
      md5: 09704aa2c6ed47a1fe0d89535f83471b.dir
      size: 84672813
      nfiles: 175
  embed_chunks:
    cmd: python -m src.embed_chunks.embed_chunks_all
    deps:
    - path: data/chunks/
      hash: md5
      md5: 09704aa2c6ed47a1fe0d89535f83471b.dir
      size: 84672813
      nfiles: 175
    - path: params.yaml
      hash: md5
      md5: fed1aebf8c89c2c083838005356ed281
      size: 3203
      isexec: true
    - path: src/embed_chunks/embed_chunks_all.py
      hash: md5
      md5: 1b421a16805eda0e5f278eccb32c99ef
      size: 3112
    params:
      params.yaml:
        chunking.methods:
          fixed_size:
            presets_file: configs/chunking/fixed_size.yaml
            use_presets:
            - fs_512_64_char
            - fs_512_64_token
          recursive_semantic:
            presets_file: configs/chunking/recursive_semantic.yaml
            use_presets:
            - paper_based
          max_min:
            presets_file: configs/chunking/max_min.yaml
            use_presets:
            - liberal
          sequential_hac:
            presets_file: configs/chunking/sequential_hac.yaml
            use_presets:
            - liberal
        preprocess_datasets.datasets:
          literaryQA:
            presets_file: configs/preprocess_dataset/literaryQA.yaml
            use_presets:
            - default
        vector_embed.methods:
          FAISS:
            presets_file: configs/vector_embed/faiss.yaml
            use_presets:
            - default_global
    outs:
    - path: data/vector_db/
      hash: md5
      md5: 2d7504654667fc445f94404383e3b460.dir
      size: 78021177
      nfiles: 143
  search:
    cmd: python -m src.search.search_all
    deps:
    - path: data/vector_db/
      hash: md5
      md5: 2d7504654667fc445f94404383e3b460.dir
      size: 78021177
      nfiles: 143
    - path: params.yaml
      hash: md5
      md5: fed1aebf8c89c2c083838005356ed281
      size: 3203
      isexec: true
    - path: src/search/search_all.py
      hash: md5
      md5: 467abf66d3ce26bcc1bb1ac757b9d5ff
      size: 4173
      isexec: true
    params:
      params.yaml:
        chunking.methods:
          fixed_size:
            presets_file: configs/chunking/fixed_size.yaml
            use_presets:
            - fs_512_64_char
            - fs_512_64_token
          recursive_semantic:
            presets_file: configs/chunking/recursive_semantic.yaml
            use_presets:
            - paper_based
          max_min:
            presets_file: configs/chunking/max_min.yaml
            use_presets:
            - liberal
          sequential_hac:
            presets_file: configs/chunking/sequential_hac.yaml
            use_presets:
            - liberal
        preprocess_datasets.datasets:
          literaryQA:
            presets_file: configs/preprocess_dataset/literaryQA.yaml
            use_presets:
            - default
        search.methods:
          faiss:
            presets_file: configs/search/faiss.yaml
            use_presets:
            - default_top20
        vector_embed.methods:
          FAISS:
            presets_file: configs/vector_embed/faiss.yaml
            use_presets:
            - default_global
    outs:
    - path: data/search_result/
      hash: md5
      md5: b529d176cce89ed54e20077afdd3c0e5.dir
      size: 909974
      nfiles: 76
  rerank:
    cmd: python -m src.rerank.rerank_all
    deps:
    - path: data/search_result/
      hash: md5
      md5: b529d176cce89ed54e20077afdd3c0e5.dir
      size: 909974
      nfiles: 76
    - path: params.yaml
      hash: md5
      md5: fed1aebf8c89c2c083838005356ed281
      size: 3203
      isexec: true
    - path: src/rerank/rerank_all.py
      hash: md5
      md5: 591bea23f27005bf969be9c21c9ba3ce
      size: 5340
    params:
      params.yaml:
        chunking.methods:
          fixed_size:
            presets_file: configs/chunking/fixed_size.yaml
            use_presets:
            - fs_512_64_char
            - fs_512_64_token
          recursive_semantic:
            presets_file: configs/chunking/recursive_semantic.yaml
            use_presets:
            - paper_based
          max_min:
            presets_file: configs/chunking/max_min.yaml
            use_presets:
            - liberal
          sequential_hac:
            presets_file: configs/chunking/sequential_hac.yaml
            use_presets:
            - liberal
        preprocess_datasets.datasets:
          literaryQA:
            presets_file: configs/preprocess_dataset/literaryQA.yaml
            use_presets:
            - default
        rerank.methods:
          reranker:
            presets_file: configs/rerank/reranker.yaml
            use_presets:
            - default_top10
        search.methods:
          faiss:
            presets_file: configs/search/faiss.yaml
            use_presets:
            - default_top20
        vector_embed.methods:
          FAISS:
            presets_file: configs/vector_embed/faiss.yaml
            use_presets:
            - default_global
    outs:
    - path: data/rerank_result/
      hash: md5
      md5: fded9032111e47dd280b9526ef40ceb4.dir
      size: 113556
      nfiles: 68
  generation:
    cmd: python -m src.generation.generation_all
    deps:
    - path: data/rerank_result/
      hash: md5
      md5: bcf27ee3e3df3ef53fdecb0aec19ea7b.dir
      size: 41201
      nfiles: 38
    - path: params.yaml
      hash: md5
      md5: 27183e77ec129a2f7716120eb125e68e
      size: 2962
      isexec: true
    - path: src/generation/generation_all.py
      hash: md5
      md5: 6323325c3194a90d6d391aac9a2b84e1
      size: 5437
    params:
      params.yaml:
        chunking.methods:
          fixed_size:
            presets_file: configs/chunking/fixed_size.yaml
            use_presets:
            - fs_512_64_char
            - fs_512_64_token
          recursive_semantic:
            presets_file: configs/chunking/recursive_semantic.yaml
            use_presets:
            - paper_based
          max_min:
            presets_file: configs/chunking/max_min.yaml
            use_presets:
            - liberal
          sequential_hac:
            presets_file: configs/chunking/sequential_hac.yaml
            use_presets:
            - liberal
        generation.methods:
          generate_fixed_token:
            presets_file: configs/generation/generate_fixed_token.yaml
            use_presets:
            - qwen_4b
        preprocess_datasets.datasets:
          literaryQA:
            presets_file: configs/preprocess_dataset/literaryQA.yaml
            use_presets:
            - default
        rerank.methods:
          reranker:
            presets_file: configs/rerank/reranker.yaml
            use_presets:
            - default_top5
        search.methods:
          faiss:
            presets_file: configs/search/faiss.yaml
            use_presets:
            - default_top10
        vector_embed.methods:
          FAISS:
            presets_file: configs/vector_embed/faiss.yaml
            use_presets:
            - default_local
    outs:
    - path: data/generation_result/
      hash: md5
      md5: 2e4feaf4754e8cf05295ba2f6e7e4dc9.dir
      size: 239890
      nfiles: 38
  evaluate_generator:
    cmd: python -m src.evaluate_generator.evaluate_generator_all
    deps:
    - path: data/generation_result/
      hash: md5
      md5: 2e4feaf4754e8cf05295ba2f6e7e4dc9.dir
      size: 239890
      nfiles: 38
    - path: params.yaml
      hash: md5
      md5: 27183e77ec129a2f7716120eb125e68e
      size: 2962
      isexec: true
    - path: src/evaluate_generator/evaluate_generator_all.py
      hash: md5
      md5: 2086ee5573549d2e0e5a074abb7e4ce5
      size: 5509
    params:
      params.yaml:
        chunking.methods:
          fixed_size:
            presets_file: configs/chunking/fixed_size.yaml
            use_presets:
            - fs_512_64_char
            - fs_512_64_token
          recursive_semantic:
            presets_file: configs/chunking/recursive_semantic.yaml
            use_presets:
            - paper_based
          max_min:
            presets_file: configs/chunking/max_min.yaml
            use_presets:
            - liberal
          sequential_hac:
            presets_file: configs/chunking/sequential_hac.yaml
            use_presets:
            - liberal
        evaluate_generator.methods:
          llm_as_a_judge:
            presets_file: configs/evaluate_generator/llm_as_a_judge.yaml
            use_presets:
            - qwen_4b
        generation.methods:
          generate_fixed_token:
            presets_file: configs/generation/generate_fixed_token.yaml
            use_presets:
            - qwen_4b
        preprocess_datasets.datasets:
          literaryQA:
            presets_file: configs/preprocess_dataset/literaryQA.yaml
            use_presets:
            - default
        rerank.methods:
          reranker:
            presets_file: configs/rerank/reranker.yaml
            use_presets:
            - default_top5
        search.methods:
          faiss:
            presets_file: configs/search/faiss.yaml
            use_presets:
            - default_top10
        vector_embed.methods:
          FAISS:
            presets_file: configs/vector_embed/faiss.yaml
            use_presets:
            - default_local
    outs:
    - path: data/evaluate_generator_result/
      hash: md5
      md5: ad9be3dfba55c423676f5460c314a916.dir
      size: 57897
      nfiles: 38
  analyze_split_point:
    cmd: python -m src.analyze_split_point.analyze_split_point_all
    deps:
    - path: data/chunks/
      hash: md5
      md5: 09704aa2c6ed47a1fe0d89535f83471b.dir
      size: 84672813
      nfiles: 175
    - path: params.yaml
      hash: md5
      md5: fed1aebf8c89c2c083838005356ed281
      size: 3203
      isexec: true
    - path: src/analyze_split_point/analyze_split_point_all.py
      hash: md5
      md5: 74473687b973bbaf5f666dbc4357aa78
      size: 4007
    params:
      params.yaml:
        analyze_split_points.methods:
          analyze_split_point:
            presets_file: configs/analyze_split_point/analyze_split_point.yaml
            use_presets:
            - sentence
            - html_tag
        chunking.methods:
          fixed_size:
            presets_file: configs/chunking/fixed_size.yaml
            use_presets:
            - fs_512_64_char
            - fs_512_64_token
          recursive_semantic:
            presets_file: configs/chunking/recursive_semantic.yaml
            use_presets:
            - paper_based
          max_min:
            presets_file: configs/chunking/max_min.yaml
            use_presets:
            - liberal
          sequential_hac:
            presets_file: configs/chunking/sequential_hac.yaml
            use_presets:
            - liberal
        preprocess_datasets.datasets:
          literaryQA:
            presets_file: configs/preprocess_dataset/literaryQA.yaml
            use_presets:
            - default
    outs:
    - path: data/analyze_split_points/
      hash: md5
      md5: 0e99fc9884cf53a71e6bab286263d200.dir
      size: 3244470
      nfiles: 40
  analyze_retrieval:
    cmd: python -m src.analyze_retrieval.analyze_retrieval_all
    deps:
    - path: data/rerank_result/
      hash: md5
      md5: fded9032111e47dd280b9526ef40ceb4.dir
      size: 113556
      nfiles: 68
    - path: params.yaml
      hash: md5
      md5: fed1aebf8c89c2c083838005356ed281
      size: 3203
      isexec: true
    - path: src/analyze_retrieval/analyze_retrieval_all.py
      hash: md5
      md5: 11c51314bedc5d6eff1904904b274572
      size: 5865
    params:
      params.yaml:
        analyze_retrieval.methods:
          analyze_retrieval:
            presets_file: configs/analyze_retrieval/analyze_retrieval.yaml
            use_presets:
            - default
        chunking.methods:
          fixed_size:
            presets_file: configs/chunking/fixed_size.yaml
            use_presets:
            - fs_512_64_char
            - fs_512_64_token
          recursive_semantic:
            presets_file: configs/chunking/recursive_semantic.yaml
            use_presets:
            - paper_based
          max_min:
            presets_file: configs/chunking/max_min.yaml
            use_presets:
            - liberal
          sequential_hac:
            presets_file: configs/chunking/sequential_hac.yaml
            use_presets:
            - liberal
        preprocess_datasets.datasets:
          literaryQA:
            presets_file: configs/preprocess_dataset/literaryQA.yaml
            use_presets:
            - default
        rerank.methods:
          reranker:
            presets_file: configs/rerank/reranker.yaml
            use_presets:
            - default_top10
        search.methods:
          faiss:
            presets_file: configs/search/faiss.yaml
            use_presets:
            - default_top20
        vector_embed.methods:
          FAISS:
            presets_file: configs/vector_embed/faiss.yaml
            use_presets:
            - default_global
    outs:
    - path: data/analyze_retrieval/
      hash: md5
      md5: 43fca9694ff643d819dbac7460a8c915.dir
      size: 3144
      nfiles: 20
